// !$*UTF8*$!
{
	archiveVersion = 1;
	classes = {
	};
	objectVersion = 55;
	objects = {

/* Begin PBXBuildFile section */
		DD2D0FA327F7403000F79332 /* AppDelegate.swift in Sources */ = {isa = PBXBuildFile; fileRef = DD2D0FA227F7403000F79332 /* AppDelegate.swift */; };
		DD2D0FA527F7403000F79332 /* SceneDelegate.swift in Sources */ = {isa = PBXBuildFile; fileRef = DD2D0FA427F7403000F79332 /* SceneDelegate.swift */; };
		DD2D0FA727F7403000F79332 /* ContactListViewController.swift in Sources */ = {isa = PBXBuildFile; fileRef = DD2D0FA627F7403000F79332 /* ContactListViewController.swift */; };
		DD2D0FAA27F7403000F79332 /* Main.storyboard in Resources */ = {isa = PBXBuildFile; fileRef = DD2D0FA827F7403000F79332 /* Main.storyboard */; };
		DD2D0FAC27F7403200F79332 /* Assets.xcassets in Resources */ = {isa = PBXBuildFile; fileRef = DD2D0FAB27F7403200F79332 /* Assets.xcassets */; };
		DD2D0FAF27F7403200F79332 /* LaunchScreen.storyboard in Resources */ = {isa = PBXBuildFile; fileRef = DD2D0FAD27F7403200F79332 /* LaunchScreen.storyboard */; };
		DD2D0FC327F7411D00F79332 /* ContactListAppTests.swift in Sources */ = {isa = PBXBuildFile; fileRef = DD2D0FC227F7411D00F79332 /* ContactListAppTests.swift */; };
		DD9D88C927F748600018A0FC /* PersonTests.swift in Sources */ = {isa = PBXBuildFile; fileRef = DD9D88C827F748600018A0FC /* PersonTests.swift */; };
		DDBF644F27F99C8C00E65273 /* ContactManagerTests.swift in Sources */ = {isa = PBXBuildFile; fileRef = DDBF644E27F99C8C00E65273 /* ContactManagerTests.swift */; };
		DDBF645227F99D9000E65273 /* ContactManager.swift in Sources */ = {isa = PBXBuildFile; fileRef = DDBF645127F99D9000E65273 /* ContactManager.swift */; };
		DDBF645427F9AA7000E65273 /* ContactListViewControllerTest.swift in Sources */ = {isa = PBXBuildFile; fileRef = DDBF645327F9AA7000E65273 /* ContactListViewControllerTest.swift */; };
		DDBF645827F9B0B000E65273 /* ContactListDataSource.swift in Sources */ = {isa = PBXBuildFile; fileRef = DDBF645727F9B0B000E65273 /* ContactListDataSource.swift */; };
		DDBF645A27F9B58C00E65273 /* ContactListDataSourceTests.swift in Sources */ = {isa = PBXBuildFile; fileRef = DDBF645927F9B58C00E65273 /* ContactListDataSourceTests.swift */; };
		DDBF645C27F9BBDB00E65273 /* ContactCell.swift in Sources */ = {isa = PBXBuildFile; fileRef = DDBF645B27F9BBDB00E65273 /* ContactCell.swift */; };
		DDBF645F27F9D0FB00E65273 /* ContactCellTest.swift in Sources */ = {isa = PBXBuildFile; fileRef = DDBF645E27F9D0FB00E65273 /* ContactCellTest.swift */; };
		DDBF646527FB09EB00E65273 /* DetailViewController.swift in Sources */ = {isa = PBXBuildFile; fileRef = DDBF646427FB09EB00E65273 /* DetailViewController.swift */; };
		DDBF646727FB0A0000E65273 /* NewContactViewController.swift in Sources */ = {isa = PBXBuildFile; fileRef = DDBF646627FB0A0000E65273 /* NewContactViewController.swift */; };
		DDBF646927FB0D0800E65273 /* DetailViewControllerTests.swift in Sources */ = {isa = PBXBuildFile; fileRef = DDBF646827FB0D0800E65273 /* DetailViewControllerTests.swift */; };
		DDBF646B27FB16B700E65273 /* NewContactViewControllerTests.swift in Sources */ = {isa = PBXBuildFile; fileRef = DDBF646A27FB16B700E65273 /* NewContactViewControllerTests.swift */; };
		DDEF1FB727F74E09005F316D /* Person.swift in Sources */ = {isa = PBXBuildFile; fileRef = DDEF1FB627F74E09005F316D /* Person.swift */; };
/* End PBXBuildFile section */

/* Begin PBXContainerItemProxy section */
		DD2D0FC427F7411D00F79332 /* PBXContainerItemProxy */ = {
			isa = PBXContainerItemProxy;
			containerPortal = DD2D0F9727F7403000F79332 /* Project object */;
			proxyType = 1;
			remoteGlobalIDString = DD2D0F9E27F7403000F79332;
			remoteInfo = ContactListApp;
		};
/* End PBXContainerItemProxy section */

/* Begin PBXFileReference section */
		DD2D0F9F27F7403000F79332 /* ContactListApp.app */ = {isa = PBXFileReference; explicitFileType = wrapper.application; includeInIndex = 0; path = ContactListApp.app; sourceTree = BUILT_PRODUCTS_DIR; };
		DD2D0FA227F7403000F79332 /* AppDelegate.swift */ = {isa = PBXFileReference; lastKnownFileType = sourcecode.swift; path = AppDelegate.swift; sourceTree = "<group>"; };
		DD2D0FA427F7403000F79332 /* SceneDelegate.swift */ = {isa = PBXFileReference; lastKnownFileType = sourcecode.swift; path = SceneDelegate.swift; sourceTree = "<group>"; };
		DD2D0FA627F7403000F79332 /* ContactListViewController.swift */ = {isa = PBXFileReference; lastKnownFileType = sourcecode.swift; path = ContactListViewController.swift; sourceTree = "<group>"; };
		DD2D0FA927F7403000F79332 /* Base */ = {isa = PBXFileReference; lastKnownFileType = file.storyboard; name = Base; path = Base.lproj/Main.storyboard; sourceTree = "<group>"; };
		DD2D0FAB27F7403200F79332 /* Assets.xcassets */ = {isa = PBXFileReference; lastKnownFileType = folder.assetcatalog; path = Assets.xcassets; sourceTree = "<group>"; };
		DD2D0FAE27F7403200F79332 /* Base */ = {isa = PBXFileReference; lastKnownFileType = file.storyboard; name = Base; path = Base.lproj/LaunchScreen.storyboard; sourceTree = "<group>"; };
		DD2D0FB027F7403200F79332 /* Info.plist */ = {isa = PBXFileReference; lastKnownFileType = text.plist.xml; path = Info.plist; sourceTree = "<group>"; };
		DD2D0FC027F7411D00F79332 /* ContactListAppTests.xctest */ = {isa = PBXFileReference; explicitFileType = wrapper.cfbundle; includeInIndex = 0; path = ContactListAppTests.xctest; sourceTree = BUILT_PRODUCTS_DIR; };
		DD2D0FC227F7411D00F79332 /* ContactListAppTests.swift */ = {isa = PBXFileReference; lastKnownFileType = sourcecode.swift; path = ContactListAppTests.swift; sourceTree = "<group>"; };
		DD9D88C827F748600018A0FC /* PersonTests.swift */ = {isa = PBXFileReference; lastKnownFileType = sourcecode.swift; path = PersonTests.swift; sourceTree = "<group>"; };
		DDBF644E27F99C8C00E65273 /* ContactManagerTests.swift */ = {isa = PBXFileReference; lastKnownFileType = sourcecode.swift; path = ContactManagerTests.swift; sourceTree = "<group>"; };
		DDBF645127F99D9000E65273 /* ContactManager.swift */ = {isa = PBXFileReference; lastKnownFileType = sourcecode.swift; path = ContactManager.swift; sourceTree = "<group>"; };
		DDBF645327F9AA7000E65273 /* ContactListViewControllerTest.swift */ = {isa = PBXFileReference; lastKnownFileType = sourcecode.swift; path = ContactListViewControllerTest.swift; sourceTree = "<group>"; };
		DDBF645727F9B0B000E65273 /* ContactListDataSource.swift */ = {isa = PBXFileReference; lastKnownFileType = sourcecode.swift; path = ContactListDataSource.swift; sourceTree = "<group>"; };
		DDBF645927F9B58C00E65273 /* ContactListDataSourceTests.swift */ = {isa = PBXFileReference; lastKnownFileType = sourcecode.swift; path = ContactListDataSourceTests.swift; sourceTree = "<group>"; };
		DDBF645B27F9BBDB00E65273 /* ContactCell.swift */ = {isa = PBXFileReference; lastKnownFileType = sourcecode.swift; path = ContactCell.swift; sourceTree = "<group>"; };
		DDBF645E27F9D0FB00E65273 /* ContactCellTest.swift */ = {isa = PBXFileReference; lastKnownFileType = sourcecode.swift; path = ContactCellTest.swift; sourceTree = "<group>"; };
		DDBF646427FB09EB00E65273 /* DetailViewController.swift */ = {isa = PBXFileReference; lastKnownFileType = sourcecode.swift; path = DetailViewController.swift; sourceTree = "<group>"; };
		DDBF646627FB0A0000E65273 /* NewContactViewController.swift */ = {isa = PBXFileReference; lastKnownFileType = sourcecode.swift; path = NewContactViewController.swift; sourceTree = "<group>"; };
		DDBF646827FB0D0800E65273 /* DetailViewControllerTests.swift */ = {isa = PBXFileReference; lastKnownFileType = sourcecode.swift; path = DetailViewControllerTests.swift; sourceTree = "<group>"; };
		DDBF646A27FB16B700E65273 /* NewContactViewControllerTests.swift */ = {isa = PBXFileReference; lastKnownFileType = sourcecode.swift; path = NewContactViewControllerTests.swift; sourceTree = "<group>"; };
		DDEF1FB627F74E09005F316D /* Person.swift */ = {isa = PBXFileReference; lastKnownFileType = sourcecode.swift; path = Person.swift; sourceTree = "<group>"; };
/* End PBXFileReference section */

/* Begin PBXFrameworksBuildPhase section */
		DD2D0F9C27F7403000F79332 /* Frameworks */ = {
			isa = PBXFrameworksBuildPhase;
			buildActionMask = 2147483647;
			files = (
			);
			runOnlyForDeploymentPostprocessing = 0;
		};
		DD2D0FBD27F7411D00F79332 /* Frameworks */ = {
			isa = PBXFrameworksBuildPhase;
			buildActionMask = 2147483647;
			files = (
			);
			runOnlyForDeploymentPostprocessing = 0;
		};
/* End PBXFrameworksBuildPhase section */

/* Begin PBXGroup section */
		DD2D0F9627F7403000F79332 = {
			isa = PBXGroup;
			children = (
				DD2D0FA127F7403000F79332 /* ContactListApp */,
				DD2D0FC127F7411D00F79332 /* ContactListAppTests */,
				DD2D0FA027F7403000F79332 /* Products */,
			);
			sourceTree = "<group>";
		};
		DD2D0FA027F7403000F79332 /* Products */ = {
			isa = PBXGroup;
			children = (
				DD2D0F9F27F7403000F79332 /* ContactListApp.app */,
				DD2D0FC027F7411D00F79332 /* ContactListAppTests.xctest */,
			);
			name = Products;
			sourceTree = "<group>";
		};
		DD2D0FA127F7403000F79332 /* ContactListApp */ = {
			isa = PBXGroup;
			children = (
				DD2D0FB027F7403200F79332 /* Info.plist */,
				DD2D0FAB27F7403200F79332 /* Assets.xcassets */,
				DD2D0FB927F7408C00F79332 /* Supports */,
				DDBF645027F99CF900E65273 /* Helpers */,
				DD2D0FB827F7405A00F79332 /* Models */,
				DD2D0FB727F7404F00F79332 /* ViewControllers */,
				DD2D0FB627F7404400F79332 /* Storyboard */,
			);
			path = ContactListApp;
			sourceTree = "<group>";
		};
		DD2D0FB627F7404400F79332 /* Storyboard */ = {
			isa = PBXGroup;
			children = (
				DD2D0FA827F7403000F79332 /* Main.storyboard */,
				DD2D0FAD27F7403200F79332 /* LaunchScreen.storyboard */,
			);
			path = Storyboard;
			sourceTree = "<group>";
		};
		DD2D0FB727F7404F00F79332 /* ViewControllers */ = {
			isa = PBXGroup;
			children = (
				DD2D0FA627F7403000F79332 /* ContactListViewController.swift */,
				DDBF646427FB09EB00E65273 /* DetailViewController.swift */,
				DDBF646627FB0A0000E65273 /* NewContactViewController.swift */,
			);
			path = ViewControllers;
			sourceTree = "<group>";
		};
		DD2D0FB827F7405A00F79332 /* Models */ = {
			isa = PBXGroup;
			children = (
				DDEF1FB627F74E09005F316D /* Person.swift */,
			);
			path = Models;
			sourceTree = "<group>";
		};
		DD2D0FB927F7408C00F79332 /* Supports */ = {
			isa = PBXGroup;
			children = (
				DD2D0FA227F7403000F79332 /* AppDelegate.swift */,
				DD2D0FA427F7403000F79332 /* SceneDelegate.swift */,
			);
			path = Supports;
			sourceTree = "<group>";
		};
		DD2D0FC127F7411D00F79332 /* ContactListAppTests */ = {
			isa = PBXGroup;
			children = (
				DDBF645D27F9D0E200E65273 /* View */,
				DDBF644C27F99C3400E65273 /* View Controllers */,
				DDBF644D27F99C6600E65273 /* Helpers */,
				DD9D88C727F7482E0018A0FC /* Models */,
				DDBF644B27F99C1500E65273 /* Supports */,
			);
			path = ContactListAppTests;
			sourceTree = "<group>";
		};
		DD9D88C727F7482E0018A0FC /* Models */ = {
			isa = PBXGroup;
			children = (
				DD9D88C827F748600018A0FC /* PersonTests.swift */,
			);
			path = Models;
			sourceTree = "<group>";
		};
		DDBF644B27F99C1500E65273 /* Supports */ = {
			isa = PBXGroup;
			children = (
				DD2D0FC227F7411D00F79332 /* ContactListAppTests.swift */,
			);
			path = Supports;
			sourceTree = "<group>";
		};
		DDBF644C27F99C3400E65273 /* View Controllers */ = {
			isa = PBXGroup;
			children = (
				DDBF645327F9AA7000E65273 /* ContactListViewControllerTest.swift */,
				DDBF646827FB0D0800E65273 /* DetailViewControllerTests.swift */,
				DDBF646A27FB16B700E65273 /* NewContactViewControllerTests.swift */,
			);
			path = "View Controllers";
			sourceTree = "<group>";
		};
		DDBF644D27F99C6600E65273 /* Helpers */ = {
			isa = PBXGroup;
			children = (
				DDBF644E27F99C8C00E65273 /* ContactManagerTests.swift */,
				DDBF645927F9B58C00E65273 /* ContactListDataSourceTests.swift */,
			);
			path = Helpers;
			sourceTree = "<group>";
		};
		DDBF645027F99CF900E65273 /* Helpers */ = {
			isa = PBXGroup;
			children = (
				DDBF645127F99D9000E65273 /* ContactManager.swift */,
				DDBF645727F9B0B000E65273 /* ContactListDataSource.swift */,
				DDBF645B27F9BBDB00E65273 /* ContactCell.swift */,
			);
			path = Helpers;
			sourceTree = "<group>";
		};
		DDBF645D27F9D0E200E65273 /* View */ = {
			isa = PBXGroup;
			children = (
				DDBF645E27F9D0FB00E65273 /* ContactCellTest.swift */,
			);
			path = View;
			sourceTree = "<group>";
		};
/* End PBXGroup section */

/* Begin PBXNativeTarget section */
		DD2D0F9E27F7403000F79332 /* ContactListApp */ = {
			isa = PBXNativeTarget;
			buildConfigurationList = DD2D0FB327F7403200F79332 /* Build configuration list for PBXNativeTarget "ContactListApp" */;
			buildPhases = (
				DD2D0F9B27F7403000F79332 /* Sources */,
				DD2D0F9C27F7403000F79332 /* Frameworks */,
				DD2D0F9D27F7403000F79332 /* Resources */,
			);
			buildRules = (
			);
			dependencies = (
			);
			name = ContactListApp;
			productName = ContactListApp;
			productReference = DD2D0F9F27F7403000F79332 /* ContactListApp.app */;
			productType = "com.apple.product-type.application";
		};
		DD2D0FBF27F7411D00F79332 /* ContactListAppTests */ = {
			isa = PBXNativeTarget;
			buildConfigurationList = DD2D0FC627F7411D00F79332 /* Build configuration list for PBXNativeTarget "ContactListAppTests" */;
			buildPhases = (
				DD2D0FBC27F7411D00F79332 /* Sources */,
				DD2D0FBD27F7411D00F79332 /* Frameworks */,
				DD2D0FBE27F7411D00F79332 /* Resources */,
			);
			buildRules = (
			);
			dependencies = (
				DD2D0FC527F7411D00F79332 /* PBXTargetDependency */,
			);
			name = ContactListAppTests;
			productName = ContactListAppTests;
			productReference = DD2D0FC027F7411D00F79332 /* ContactListAppTests.xctest */;
			productType = "com.apple.product-type.bundle.unit-test";
		};
/* End PBXNativeTarget section */

/* Begin PBXProject section */
		DD2D0F9727F7403000F79332 /* Project object */ = {
			isa = PBXProject;
			attributes = {
				BuildIndependentTargetsInParallel = 1;
				LastSwiftUpdateCheck = 1330;
				LastUpgradeCheck = 1330;
				TargetAttributes = {
					DD2D0F9E27F7403000F79332 = {
						CreatedOnToolsVersion = 13.3;
					};
					DD2D0FBF27F7411D00F79332 = {
						CreatedOnToolsVersion = 13.3;
						TestTargetID = DD2D0F9E27F7403000F79332;
					};
				};
			};
			buildConfigurationList = DD2D0F9A27F7403000F79332 /* Build configuration list for PBXProject "ContactListApp" */;
			compatibilityVersion = "Xcode 13.0";
			developmentRegion = en;
			hasScannedForEncodings = 0;
			knownRegions = (
				en,
				Base,
			);
			mainGroup = DD2D0F9627F7403000F79332;
			productRefGroup = DD2D0FA027F7403000F79332 /* Products */;
			projectDirPath = "";
			projectRoot = "";
			targets = (
				DD2D0F9E27F7403000F79332 /* ContactListApp */,
				DD2D0FBF27F7411D00F79332 /* ContactListAppTests */,
			);
		};
/* End PBXProject section */

/* Begin PBXResourcesBuildPhase section */
		DD2D0F9D27F7403000F79332 /* Resources */ = {
			isa = PBXResourcesBuildPhase;
			buildActionMask = 2147483647;
			files = (
				DD2D0FAF27F7403200F79332 /* LaunchScreen.storyboard in Resources */,
				DD2D0FAC27F7403200F79332 /* Assets.xcassets in Resources */,
				DD2D0FAA27F7403000F79332 /* Main.storyboard in Resources */,
			);
			runOnlyForDeploymentPostprocessing = 0;
		};
		DD2D0FBE27F7411D00F79332 /* Resources */ = {
			isa = PBXResourcesBuildPhase;
			buildActionMask = 2147483647;
			files = (
			);
			runOnlyForDeploymentPostprocessing = 0;
		};
/* End PBXResourcesBuildPhase section */

/* Begin PBXSourcesBuildPhase section */
		DD2D0F9B27F7403000F79332 /* Sources */ = {
			isa = PBXSourcesBuildPhase;
			buildActionMask = 2147483647;
			files = (
				DDBF645227F99D9000E65273 /* ContactManager.swift in Sources */,
				DD2D0FA727F7403000F79332 /* ContactListViewController.swift in Sources */,
				DD2D0FA327F7403000F79332 /* AppDelegate.swift in Sources */,
				DDBF645827F9B0B000E65273 /* ContactListDataSource.swift in Sources */,
				DDEF1FB727F74E09005F316D /* Person.swift in Sources */,
				DDBF645C27F9BBDB00E65273 /* ContactCell.swift in Sources */,
				DD2D0FA527F7403000F79332 /* SceneDelegate.swift in Sources */,
				DDBF646727FB0A0000E65273 /* NewContactViewController.swift in Sources */,
				DDBF646527FB09EB00E65273 /* DetailViewController.swift in Sources */,
			);
			runOnlyForDeploymentPostprocessing = 0;
		};
		DD2D0FBC27F7411D00F79332 /* Sources */ = {
			isa = PBXSourcesBuildPhase;
			buildActionMask = 2147483647;
			files = (
				DD9D88C927F748600018A0FC /* PersonTests.swift in Sources */,
				DDBF645427F9AA7000E65273 /* ContactListViewControllerTest.swift in Sources */,
				DDBF645F27F9D0FB00E65273 /* ContactCellTest.swift in Sources */,
				DDBF645A27F9B58C00E65273 /* ContactListDataSourceTests.swift in Sources */,
				DDBF646927FB0D0800E65273 /* DetailViewControllerTests.swift in Sources */,
				DD2D0FC327F7411D00F79332 /* ContactListAppTests.swift in Sources */,
				DDBF646B27FB16B700E65273 /* NewContactViewControllerTests.swift in Sources */,
				DDBF644F27F99C8C00E65273 /* ContactManagerTests.swift in Sources */,
			);
			runOnlyForDeploymentPostprocessing = 0;
		};
/* End PBXSourcesBuildPhase section */

/* Begin PBXTargetDependency section */
		DD2D0FC527F7411D00F79332 /* PBXTargetDependency */ = {
			isa = PBXTargetDependency;
			target = DD2D0F9E27F7403000F79332 /* ContactListApp */;
			targetProxy = DD2D0FC427F7411D00F79332 /* PBXContainerItemProxy */;
		};
/* End PBXTargetDependency section */

/* Begin PBXVariantGroup section */
		DD2D0FA827F7403000F79332 /* Main.storyboard */ = {
			isa = PBXVariantGroup;
			children = (
				DD2D0FA927F7403000F79332 /* Base */,
			);
			name = Main.storyboard;
			sourceTree = "<group>";
		};
		DD2D0FAD27F7403200F79332 /* LaunchScreen.storyboard */ = {
			isa = PBXVariantGroup;
			children = (
				DD2D0FAE27F7403200F79332 /* Base */,
			);
			name = LaunchScreen.storyboard;
			sourceTree = "<group>";
		};
/* End PBXVariantGroup section */

/* Begin XCBuildConfiguration section */
		DD2D0FB127F7403200F79332 /* Debug */ = {
			isa = XCBuildConfiguration;
			buildSettings = {
				ALWAYS_SEARCH_USER_PATHS = NO;
				CLANG_ANALYZER_NONNULL = YES;
				CLANG_ANALYZER_NUMBER_OBJECT_CONVERSION = YES_AGGRESSIVE;
				CLANG_CXX_LANGUAGE_STANDARD = "gnu++17";
				CLANG_ENABLE_MODULES = YES;
				CLANG_ENABLE_OBJC_ARC = YES;
				CLANG_ENABLE_OBJC_WEAK = YES;
				CLANG_WARN_BLOCK_CAPTURE_AUTORELEASING = YES;
				CLANG_WARN_BOOL_CONVERSION = YES;
				CLANG_WARN_COMMA = YES;
				CLANG_WARN_CONSTANT_CONVERSION = YES;
				CLANG_WARN_DEPRECATED_OBJC_IMPLEMENTATIONS = YES;
				CLANG_WARN_DIRECT_OBJC_ISA_USAGE = YES_ERROR;
				CLANG_WARN_DOCUMENTATION_COMMENTS = YES;
				CLANG_WARN_EMPTY_BODY = YES;
				CLANG_WARN_ENUM_CONVERSION = YES;
				CLANG_WARN_INFINITE_RECURSION = YES;
				CLANG_WARN_INT_CONVERSION = YES;
				CLANG_WARN_NON_LITERAL_NULL_CONVERSION = YES;
				CLANG_WARN_OBJC_IMPLICIT_RETAIN_SELF = YES;
				CLANG_WARN_OBJC_LITERAL_CONVERSION = YES;
				CLANG_WARN_OBJC_ROOT_CLASS = YES_ERROR;
				CLANG_WARN_QUOTED_INCLUDE_IN_FRAMEWORK_HEADER = YES;
				CLANG_WARN_RANGE_LOOP_ANALYSIS = YES;
				CLANG_WARN_STRICT_PROTOTYPES = YES;
				CLANG_WARN_SUSPICIOUS_MOVE = YES;
				CLANG_WARN_UNGUARDED_AVAILABILITY = YES_AGGRESSIVE;
				CLANG_WARN_UNREACHABLE_CODE = YES;
				CLANG_WARN__DUPLICATE_METHOD_MATCH = YES;
				COPY_PHASE_STRIP = NO;
				DEBUG_INFORMATION_FORMAT = dwarf;
				ENABLE_STRICT_OBJC_MSGSEND = YES;
				ENABLE_TESTABILITY = YES;
				GCC_C_LANGUAGE_STANDARD = gnu11;
				GCC_DYNAMIC_NO_PIC = NO;
				GCC_NO_COMMON_BLOCKS = YES;
				GCC_OPTIMIZATION_LEVEL = 0;
				GCC_PREPROCESSOR_DEFINITIONS = (
					"DEBUG=1",
					"$(inherited)",
				);
				GCC_WARN_64_TO_32_BIT_CONVERSION = YES;
				GCC_WARN_ABOUT_RETURN_TYPE = YES_ERROR;
				GCC_WARN_UNDECLARED_SELECTOR = YES;
				GCC_WARN_UNINITIALIZED_AUTOS = YES_AGGRESSIVE;
				GCC_WARN_UNUSED_FUNCTION = YES;
				GCC_WARN_UNUSED_VARIABLE = YES;
				IPHONEOS_DEPLOYMENT_TARGET = 15.4;
				MTL_ENABLE_DEBUG_INFO = INCLUDE_SOURCE;
				MTL_FAST_MATH = YES;
				ONLY_ACTIVE_ARCH = YES;
				SDKROOT = iphoneos;
				SWIFT_ACTIVE_COMPILATION_CONDITIONS = DEBUG;
				SWIFT_OPTIMIZATION_LEVEL = "-Onone";
			};
			name = Debug;
		};
		DD2D0FB227F7403200F79332 /* Release */ = {
			isa = XCBuildConfiguration;
			buildSettings = {
				ALWAYS_SEARCH_USER_PATHS = NO;
				CLANG_ANALYZER_NONNULL = YES;
				CLANG_ANALYZER_NUMBER_OBJECT_CONVERSION = YES_AGGRESSIVE;
				CLANG_CXX_LANGUAGE_STANDARD = "gnu++17";
				CLANG_ENABLE_MODULES = YES;
				CLANG_ENABLE_OBJC_ARC = YES;
				CLANG_ENABLE_OBJC_WEAK = YES;
				CLANG_WARN_BLOCK_CAPTURE_AUTORELEASING = YES;
				CLANG_WARN_BOOL_CONVERSION = YES;
				CLANG_WARN_COMMA = YES;
				CLANG_WARN_CONSTANT_CONVERSION = YES;
				CLANG_WARN_DEPRECATED_OBJC_IMPLEMENTATIONS = YES;
				CLANG_WARN_DIRECT_OBJC_ISA_USAGE = YES_ERROR;
				CLANG_WARN_DOCUMENTATION_COMMENTS = YES;
				CLANG_WARN_EMPTY_BODY = YES;
				CLANG_WARN_ENUM_CONVERSION = YES;
				CLANG_WARN_INFINITE_RECURSION = YES;
				CLANG_WARN_INT_CONVERSION = YES;
				CLANG_WARN_NON_LITERAL_NULL_CONVERSION = YES;
				CLANG_WARN_OBJC_IMPLICIT_RETAIN_SELF = YES;
				CLANG_WARN_OBJC_LITERAL_CONVERSION = YES;
				CLANG_WARN_OBJC_ROOT_CLASS = YES_ERROR;
				CLANG_WARN_QUOTED_INCLUDE_IN_FRAMEWORK_HEADER = YES;
				CLANG_WARN_RANGE_LOOP_ANALYSIS = YES;
				CLANG_WARN_STRICT_PROTOTYPES = YES;
				CLANG_WARN_SUSPICIOUS_MOVE = YES;
				CLANG_WARN_UNGUARDED_AVAILABILITY = YES_AGGRESSIVE;
				CLANG_WARN_UNREACHABLE_CODE = YES;
				CLANG_WARN__DUPLICATE_METHOD_MATCH = YES;
				COPY_PHASE_STRIP = NO;
				DEBUG_INFORMATION_FORMAT = "dwarf-with-dsym";
				ENABLE_NS_ASSERTIONS = NO;
				ENABLE_STRICT_OBJC_MSGSEND = YES;
				GCC_C_LANGUAGE_STANDARD = gnu11;
				GCC_NO_COMMON_BLOCKS = YES;
				GCC_WARN_64_TO_32_BIT_CONVERSION = YES;
				GCC_WARN_ABOUT_RETURN_TYPE = YES_ERROR;
				GCC_WARN_UNDECLARED_SELECTOR = YES;
				GCC_WARN_UNINITIALIZED_AUTOS = YES_AGGRESSIVE;
				GCC_WARN_UNUSED_FUNCTION = YES;
				GCC_WARN_UNUSED_VARIABLE = YES;
				IPHONEOS_DEPLOYMENT_TARGET = 15.4;
				MTL_ENABLE_DEBUG_INFO = NO;
				MTL_FAST_MATH = YES;
				SDKROOT = iphoneos;
				SWIFT_COMPILATION_MODE = wholemodule;
				SWIFT_OPTIMIZATION_LEVEL = "-O";
				VALIDATE_PRODUCT = YES;
			};
			name = Release;
		};
		DD2D0FB427F7403200F79332 /* Debug */ = {
			isa = XCBuildConfiguration;
			buildSettings = {
				ASSETCATALOG_COMPILER_APPICON_NAME = AppIcon;
				ASSETCATALOG_COMPILER_GLOBAL_ACCENT_COLOR_NAME = AccentColor;
				CODE_SIGN_STYLE = Automatic;
				CURRENT_PROJECT_VERSION = 1;
				DEVELOPMENT_TEAM = BN87K5QK52;
				GENERATE_INFOPLIST_FILE = YES;
				INFOPLIST_FILE = ContactListApp/Info.plist;
				INFOPLIST_KEY_UIApplicationSupportsIndirectInputEvents = YES;
				INFOPLIST_KEY_UILaunchStoryboardName = LaunchScreen;
				INFOPLIST_KEY_UIMainStoryboardFile = Main;
				INFOPLIST_KEY_UISupportedInterfaceOrientations_iPad = "UIInterfaceOrientationPortrait UIInterfaceOrientationPortraitUpsideDown UIInterfaceOrientationLandscapeLeft UIInterfaceOrientationLandscapeRight";
				INFOPLIST_KEY_UISupportedInterfaceOrientations_iPhone = "UIInterfaceOrientationPortrait UIInterfaceOrientationLandscapeLeft UIInterfaceOrientationLandscapeRight";
				LD_RUNPATH_SEARCH_PATHS = (
					"$(inherited)",
					"@executable_path/Frameworks",
				);
				MARKETING_VERSION = 1.0;
				PRODUCT_BUNDLE_IDENTIFIER = HG.ContactListApp;
				PRODUCT_NAME = "$(TARGET_NAME)";
				SWIFT_EMIT_LOC_STRINGS = YES;
				SWIFT_VERSION = 5.0;
				TARGETED_DEVICE_FAMILY = "1,2";
			};
			name = Debug;
		};
		DD2D0FB527F7403200F79332 /* Release */ = {
			isa = XCBuildConfiguration;
			buildSettings = {
				ASSETCATALOG_COMPILER_APPICON_NAME = AppIcon;
				ASSETCATALOG_COMPILER_GLOBAL_ACCENT_COLOR_NAME = AccentColor;
				CODE_SIGN_STYLE = Automatic;
				CURRENT_PROJECT_VERSION = 1;
				DEVELOPMENT_TEAM = BN87K5QK52;
				GENERATE_INFOPLIST_FILE = YES;
				INFOPLIST_FILE = ContactListApp/Info.plist;
				INFOPLIST_KEY_UIApplicationSupportsIndirectInputEvents = YES;
				INFOPLIST_KEY_UILaunchStoryboardName = LaunchScreen;
				INFOPLIST_KEY_UIMainStoryboardFile = Main;
				INFOPLIST_KEY_UISupportedInterfaceOrientations_iPad = "UIInterfaceOrientationPortrait UIInterfaceOrientationPortraitUpsideDown UIInterfaceOrientationLandscapeLeft UIInterfaceOrientationLandscapeRight";
				INFOPLIST_KEY_UISupportedInterfaceOrientations_iPhone = "UIInterfaceOrientationPortrait UIInterfaceOrientationLandscapeLeft UIInterfaceOrientationLandscapeRight";
				LD_RUNPATH_SEARCH_PATHS = (
					"$(inherited)",
					"@executable_path/Frameworks",
				);
				MARKETING_VERSION = 1.0;
				PRODUCT_BUNDLE_IDENTIFIER = HG.ContactListApp;
				PRODUCT_NAME = "$(TARGET_NAME)";
				SWIFT_EMIT_LOC_STRINGS = YES;
				SWIFT_VERSION = 5.0;
				TARGETED_DEVICE_FAMILY = "1,2";
			};
			name = Release;
		};
		DD2D0FC727F7411D00F79332 /* Debug */ = {
			isa = XCBuildConfiguration;
			buildSettings = {
				BUNDLE_LOADER = "$(TEST_HOST)";
				CODE_SIGN_STYLE = Automatic;
				CURRENT_PROJECT_VERSION = 1;
				DEVELOPMENT_TEAM = BN87K5QK52;
				GENERATE_INFOPLIST_FILE = YES;
				MARKETING_VERSION = 1.0;
				PRODUCT_BUNDLE_IDENTIFIER = HG.ContactListAppTests;
				PRODUCT_NAME = "$(TARGET_NAME)";
				SWIFT_EMIT_LOC_STRINGS = NO;
				SWIFT_VERSION = 5.0;
				TARGETED_DEVICE_FAMILY = "1,2";
				TEST_HOST = "$(BUILT_PRODUCTS_DIR)/ContactListApp.app/ContactListApp";
			};
			name = Debug;
		};
		DD2D0FC827F7411D00F79332 /* Release */ = {
			isa = XCBuildConfiguration;
			buildSettings = {
				BUNDLE_LOADER = "$(TEST_HOST)";
				CODE_SIGN_STYLE = Automatic;
				CURRENT_PROJECT_VERSION = 1;
				DEVELOPMENT_TEAM = BN87K5QK52;
				GENERATE_INFOPLIST_FILE = YES;
				MARKETING_VERSION = 1.0;
				PRODUCT_BUNDLE_IDENTIFIER = HG.ContactListAppTests;
				PRODUCT_NAME = "$(TARGET_NAME)";
				SWIFT_EMIT_LOC_STRINGS = NO;
				SWIFT_VERSION = 5.0;
				TARGETED_DEVICE_FAMILY = "1,2";
				TEST_HOST = "$(BUILT_PRODUCTS_DIR)/ContactListApp.app/ContactListApp";
			};
			name = Release;
		};
/* End XCBuildConfiguration section */

/* Begin XCConfigurationList section */
		DD2D0F9A27F7403000F79332 /* Build configuration list for PBXProject "ContactListApp" */ = {
			isa = XCConfigurationList;
			buildConfigurations = (
				DD2D0FB127F7403200F79332 /* Debug */,
				DD2D0FB227F7403200F79332 /* Release */,
			);
			defaultConfigurationIsVisible = 0;
			defaultConfigurationName = Release;
		};
		DD2D0FB327F7403200F79332 /* Build configuration list for PBXNativeTarget "ContactListApp" */ = {
			isa = XCConfigurationList;
			buildConfigurations = (
				DD2D0FB427F7403200F79332 /* Debug */,
				DD2D0FB527F7403200F79332 /* Release */,
			);
			defaultConfigurationIsVisible = 0;
			defaultConfigurationName = Release;
		};
		DD2D0FC627F7411D00F79332 /* Build configuration list for PBXNativeTarget "ContactListAppTests" */ = {
			isa = XCConfigurationList;
			buildConfigurations = (
				DD2D0FC727F7411D00F79332 /* Debug */,
				DD2D0FC827F7411D00F79332 /* Release */,
			);
			defaultConfigurationIsVisible = 0;
			defaultConfigurationName = Release;
		};
/* End XCConfigurationList section */
	};
	rootObject = DD2D0F9727F7403000F79332 /* Project object */;
}
